// !$*UTF8*$!
{
	archiveVersion = 1;
	classes = {
	};
	objectVersion = 50;
	objects = {

/* Begin PBXBuildFile section */
		2620C70F221A4FA300A5A44B /* MovieGridViewController.swift in Sources */ = {isa = PBXBuildFile; fileRef = 2620C70E221A4FA300A5A44B /* MovieGridViewController.swift */; };
		2620C713221A53E900A5A44B /* MovieGridCell.swift in Sources */ = {isa = PBXBuildFile; fileRef = 2620C712221A53E900A5A44B /* MovieGridCell.swift */; };
		2655988C220B7F3100C117CA /* AppDelegate.swift in Sources */ = {isa = PBXBuildFile; fileRef = 2655988B220B7F3100C117CA /* AppDelegate.swift */; };
		26559891220B7F3100C117CA /* Main.storyboard in Resources */ = {isa = PBXBuildFile; fileRef = 2655988F220B7F3100C117CA /* Main.storyboard */; };
		26559893220B7F3200C117CA /* Assets.xcassets in Resources */ = {isa = PBXBuildFile; fileRef = 26559892220B7F3200C117CA /* Assets.xcassets */; };
		26559896220B7F3200C117CA /* LaunchScreen.storyboard in Resources */ = {isa = PBXBuildFile; fileRef = 26559894220B7F3200C117CA /* LaunchScreen.storyboard */; };
		265598A1220B7F3200C117CA /* FlixsterTests.swift in Sources */ = {isa = PBXBuildFile; fileRef = 265598A0220B7F3200C117CA /* FlixsterTests.swift */; };
		265598AC220B7F3200C117CA /* FlixsterUITests.swift in Sources */ = {isa = PBXBuildFile; fileRef = 265598AB220B7F3200C117CA /* FlixsterUITests.swift */; };
		265598BA220B876300C117CA /* MoviesViewController.swift in Sources */ = {isa = PBXBuildFile; fileRef = 265598B9220B876300C117CA /* MoviesViewController.swift */; };
		265598BC220B938900C117CA /* MovieCell.swift in Sources */ = {isa = PBXBuildFile; fileRef = 265598BB220B938900C117CA /* MovieCell.swift */; };
		26DC68FE220BDB3700C73341 /* MovieDetailsViewController.swift in Sources */ = {isa = PBXBuildFile; fileRef = 26DC68FD220BDB3700C73341 /* MovieDetailsViewController.swift */; };
		796B62744B513378FF799A86 /* Pods_FlixsterUITests.framework in Frameworks */ = {isa = PBXBuildFile; fileRef = DFC95EB26FDBB74111232BB6 /* Pods_FlixsterUITests.framework */; };
		ACEE663C62CB764688BB4A29 /* Pods_Flixster.framework in Frameworks */ = {isa = PBXBuildFile; fileRef = 286AE9F4E66A4ADAD385DC24 /* Pods_Flixster.framework */; };
		BB43A5BAA4829A797EA93D64 /* Pods_FlixsterTests.framework in Frameworks */ = {isa = PBXBuildFile; fileRef = 65B742F7E2289A9DCFC6CDA6 /* Pods_FlixsterTests.framework */; };
/* End PBXBuildFile section */

/* Begin PBXContainerItemProxy section */
		2655989D220B7F3200C117CA /* PBXContainerItemProxy */ = {
			isa = PBXContainerItemProxy;
			containerPortal = 26559880220B7F3100C117CA /* Project object */;
			proxyType = 1;
			remoteGlobalIDString = 26559887220B7F3100C117CA;
			remoteInfo = Flixster;
		};
		265598A8220B7F3200C117CA /* PBXContainerItemProxy */ = {
			isa = PBXContainerItemProxy;
			containerPortal = 26559880220B7F3100C117CA /* Project object */;
			proxyType = 1;
			remoteGlobalIDString = 26559887220B7F3100C117CA;
			remoteInfo = Flixster;
		};
/* End PBXContainerItemProxy section */

/* Begin PBXFileReference section */
		1FAE66346E2B43EFD0AC321C /* Pods-FlixsterTests.release.xcconfig */ = {isa = PBXFileReference; includeInIndex = 1; lastKnownFileType = text.xcconfig; name = "Pods-FlixsterTests.release.xcconfig"; path = "Pods/Target Support Files/Pods-FlixsterTests/Pods-FlixsterTests.release.xcconfig"; sourceTree = "<group>"; };
		2620C70E221A4FA300A5A44B /* MovieGridViewController.swift */ = {isa = PBXFileReference; lastKnownFileType = sourcecode.swift; path = MovieGridViewController.swift; sourceTree = "<group>"; };
		2620C712221A53E900A5A44B /* MovieGridCell.swift */ = {isa = PBXFileReference; lastKnownFileType = sourcecode.swift; path = MovieGridCell.swift; sourceTree = "<group>"; };
		26559888220B7F3100C117CA /* Flixster.app */ = {isa = PBXFileReference; explicitFileType = wrapper.application; includeInIndex = 0; path = Flixster.app; sourceTree = BUILT_PRODUCTS_DIR; };
		2655988B220B7F3100C117CA /* AppDelegate.swift */ = {isa = PBXFileReference; lastKnownFileType = sourcecode.swift; path = AppDelegate.swift; sourceTree = "<group>"; };
		26559890220B7F3100C117CA /* Base */ = {isa = PBXFileReference; lastKnownFileType = file.storyboard; name = Base; path = Base.lproj/Main.storyboard; sourceTree = "<group>"; };
		26559892220B7F3200C117CA /* Assets.xcassets */ = {isa = PBXFileReference; lastKnownFileType = folder.assetcatalog; path = Assets.xcassets; sourceTree = "<group>"; };
		26559895220B7F3200C117CA /* Base */ = {isa = PBXFileReference; lastKnownFileType = file.storyboard; name = Base; path = Base.lproj/LaunchScreen.storyboard; sourceTree = "<group>"; };
		26559897220B7F3200C117CA /* Info.plist */ = {isa = PBXFileReference; lastKnownFileType = text.plist.xml; path = Info.plist; sourceTree = "<group>"; };
		2655989C220B7F3200C117CA /* FlixsterTests.xctest */ = {isa = PBXFileReference; explicitFileType = wrapper.cfbundle; includeInIndex = 0; path = FlixsterTests.xctest; sourceTree = BUILT_PRODUCTS_DIR; };
		265598A0220B7F3200C117CA /* FlixsterTests.swift */ = {isa = PBXFileReference; lastKnownFileType = sourcecode.swift; path = FlixsterTests.swift; sourceTree = "<group>"; };
		265598A2220B7F3200C117CA /* Info.plist */ = {isa = PBXFileReference; lastKnownFileType = text.plist.xml; path = Info.plist; sourceTree = "<group>"; };
		265598A7220B7F3200C117CA /* FlixsterUITests.xctest */ = {isa = PBXFileReference; explicitFileType = wrapper.cfbundle; includeInIndex = 0; path = FlixsterUITests.xctest; sourceTree = BUILT_PRODUCTS_DIR; };
		265598AB220B7F3200C117CA /* FlixsterUITests.swift */ = {isa = PBXFileReference; lastKnownFileType = sourcecode.swift; path = FlixsterUITests.swift; sourceTree = "<group>"; };
		265598AD220B7F3200C117CA /* Info.plist */ = {isa = PBXFileReference; lastKnownFileType = text.plist.xml; path = Info.plist; sourceTree = "<group>"; };
		265598B9220B876300C117CA /* MoviesViewController.swift */ = {isa = PBXFileReference; lastKnownFileType = sourcecode.swift; path = MoviesViewController.swift; sourceTree = "<group>"; };
		265598BB220B938900C117CA /* MovieCell.swift */ = {isa = PBXFileReference; lastKnownFileType = sourcecode.swift; path = MovieCell.swift; sourceTree = "<group>"; };
		26DC68FD220BDB3700C73341 /* MovieDetailsViewController.swift */ = {isa = PBXFileReference; lastKnownFileType = sourcecode.swift; path = MovieDetailsViewController.swift; sourceTree = "<group>"; };
		286AE9F4E66A4ADAD385DC24 /* Pods_Flixster.framework */ = {isa = PBXFileReference; explicitFileType = wrapper.framework; includeInIndex = 0; path = Pods_Flixster.framework; sourceTree = BUILT_PRODUCTS_DIR; };
		46222BCDB8D04036EE0202F2 /* Pods-FlixsterUITests.debug.xcconfig */ = {isa = PBXFileReference; includeInIndex = 1; lastKnownFileType = text.xcconfig; name = "Pods-FlixsterUITests.debug.xcconfig"; path = "Pods/Target Support Files/Pods-FlixsterUITests/Pods-FlixsterUITests.debug.xcconfig"; sourceTree = "<group>"; };
		59D33E8AE2694479C2E64DAB /* Pods-Flixster.debug.xcconfig */ = {isa = PBXFileReference; includeInIndex = 1; lastKnownFileType = text.xcconfig; name = "Pods-Flixster.debug.xcconfig"; path = "Pods/Target Support Files/Pods-Flixster/Pods-Flixster.debug.xcconfig"; sourceTree = "<group>"; };
		65B742F7E2289A9DCFC6CDA6 /* Pods_FlixsterTests.framework */ = {isa = PBXFileReference; explicitFileType = wrapper.framework; includeInIndex = 0; path = Pods_FlixsterTests.framework; sourceTree = BUILT_PRODUCTS_DIR; };
		7A6678EC55225604A5EAFFFF /* Pods-Flixster.release.xcconfig */ = {isa = PBXFileReference; includeInIndex = 1; lastKnownFileType = text.xcconfig; name = "Pods-Flixster.release.xcconfig"; path = "Pods/Target Support Files/Pods-Flixster/Pods-Flixster.release.xcconfig"; sourceTree = "<group>"; };
		D550044A1E26B4A54841B44B /* Pods-FlixsterUITests.release.xcconfig */ = {isa = PBXFileReference; includeInIndex = 1; lastKnownFileType = text.xcconfig; name = "Pods-FlixsterUITests.release.xcconfig"; path = "Pods/Target Support Files/Pods-FlixsterUITests/Pods-FlixsterUITests.release.xcconfig"; sourceTree = "<group>"; };
		DFC95EB26FDBB74111232BB6 /* Pods_FlixsterUITests.framework */ = {isa = PBXFileReference; explicitFileType = wrapper.framework; includeInIndex = 0; path = Pods_FlixsterUITests.framework; sourceTree = BUILT_PRODUCTS_DIR; };
		F79DC15B609B90BBBD39907C /* Pods-FlixsterTests.debug.xcconfig */ = {isa = PBXFileReference; includeInIndex = 1; lastKnownFileType = text.xcconfig; name = "Pods-FlixsterTests.debug.xcconfig"; path = "Pods/Target Support Files/Pods-FlixsterTests/Pods-FlixsterTests.debug.xcconfig"; sourceTree = "<group>"; };
/* End PBXFileReference section */

/* Begin PBXFrameworksBuildPhase section */
		26559885220B7F3100C117CA /* Frameworks */ = {
			isa = PBXFrameworksBuildPhase;
			buildActionMask = 2147483647;
			files = (
				ACEE663C62CB764688BB4A29 /* Pods_Flixster.framework in Frameworks */,
			);
			runOnlyForDeploymentPostprocessing = 0;
		};
		26559899220B7F3200C117CA /* Frameworks */ = {
			isa = PBXFrameworksBuildPhase;
			buildActionMask = 2147483647;
			files = (
				BB43A5BAA4829A797EA93D64 /* Pods_FlixsterTests.framework in Frameworks */,
			);
			runOnlyForDeploymentPostprocessing = 0;
		};
		265598A4220B7F3200C117CA /* Frameworks */ = {
			isa = PBXFrameworksBuildPhase;
			buildActionMask = 2147483647;
			files = (
				796B62744B513378FF799A86 /* Pods_FlixsterUITests.framework in Frameworks */,
			);
			runOnlyForDeploymentPostprocessing = 0;
		};
/* End PBXFrameworksBuildPhase section */

/* Begin PBXGroup section */
		2655987F220B7F3100C117CA = {
			isa = PBXGroup;
			children = (
				2655988A220B7F3100C117CA /* Flixster */,
				2655989F220B7F3200C117CA /* FlixsterTests */,
				265598AA220B7F3200C117CA /* FlixsterUITests */,
				26559889220B7F3100C117CA /* Products */,
				8ECB4176CBD64CBF9C0A6243 /* Pods */,
				5DE3C3FD6A610A4FA53323A3 /* Frameworks */,
			);
			sourceTree = "<group>";
		};
		26559889220B7F3100C117CA /* Products */ = {
			isa = PBXGroup;
			children = (
				26559888220B7F3100C117CA /* Flixster.app */,
				2655989C220B7F3200C117CA /* FlixsterTests.xctest */,
				265598A7220B7F3200C117CA /* FlixsterUITests.xctest */,
			);
			name = Products;
			sourceTree = "<group>";
		};
		2655988A220B7F3100C117CA /* Flixster */ = {
			isa = PBXGroup;
			children = (
				2655988B220B7F3100C117CA /* AppDelegate.swift */,
				2655988F220B7F3100C117CA /* Main.storyboard */,
				2620C712221A53E900A5A44B /* MovieGridCell.swift */,
				2620C70E221A4FA300A5A44B /* MovieGridViewController.swift */,
				26DC68FD220BDB3700C73341 /* MovieDetailsViewController.swift */,
				265598BB220B938900C117CA /* MovieCell.swift */,
				26559892220B7F3200C117CA /* Assets.xcassets */,
				26559894220B7F3200C117CA /* LaunchScreen.storyboard */,
				265598B9220B876300C117CA /* MoviesViewController.swift */,
				26559897220B7F3200C117CA /* Info.plist */,
			);
			path = Flixster;
			sourceTree = "<group>";
		};
		2655989F220B7F3200C117CA /* FlixsterTests */ = {
			isa = PBXGroup;
			children = (
				265598A0220B7F3200C117CA /* FlixsterTests.swift */,
				265598A2220B7F3200C117CA /* Info.plist */,
			);
			path = FlixsterTests;
			sourceTree = "<group>";
		};
		265598AA220B7F3200C117CA /* FlixsterUITests */ = {
			isa = PBXGroup;
			children = (
				265598AB220B7F3200C117CA /* FlixsterUITests.swift */,
				265598AD220B7F3200C117CA /* Info.plist */,
			);
			path = FlixsterUITests;
			sourceTree = "<group>";
		};
		5DE3C3FD6A610A4FA53323A3 /* Frameworks */ = {
			isa = PBXGroup;
			children = (
				286AE9F4E66A4ADAD385DC24 /* Pods_Flixster.framework */,
				65B742F7E2289A9DCFC6CDA6 /* Pods_FlixsterTests.framework */,
				DFC95EB26FDBB74111232BB6 /* Pods_FlixsterUITests.framework */,
			);
			name = Frameworks;
			sourceTree = "<group>";
		};
		8ECB4176CBD64CBF9C0A6243 /* Pods */ = {
			isa = PBXGroup;
			children = (
				59D33E8AE2694479C2E64DAB /* Pods-Flixster.debug.xcconfig */,
				7A6678EC55225604A5EAFFFF /* Pods-Flixster.release.xcconfig */,
				F79DC15B609B90BBBD39907C /* Pods-FlixsterTests.debug.xcconfig */,
				1FAE66346E2B43EFD0AC321C /* Pods-FlixsterTests.release.xcconfig */,
				46222BCDB8D04036EE0202F2 /* Pods-FlixsterUITests.debug.xcconfig */,
				D550044A1E26B4A54841B44B /* Pods-FlixsterUITests.release.xcconfig */,
			);
			name = Pods;
			sourceTree = "<group>";
		};
/* End PBXGroup section */

/* Begin PBXNativeTarget section */
		26559887220B7F3100C117CA /* Flixster */ = {
			isa = PBXNativeTarget;
			buildConfigurationList = 265598B0220B7F3200C117CA /* Build configuration list for PBXNativeTarget "Flixster" */;
			buildPhases = (
				04E8866B9A51C048C9FDC66F /* [CP] Check Pods Manifest.lock */,
				26559884220B7F3100C117CA /* Sources */,
				26559885220B7F3100C117CA /* Frameworks */,
				26559886220B7F3100C117CA /* Resources */,
				4A9EF6ADDE82AA78305F3AFD /* [CP] Embed Pods Frameworks */,
			);
			buildRules = (
			);
			dependencies = (
			);
			name = Flixster;
			productName = Flixster;
			productReference = 26559888220B7F3100C117CA /* Flixster.app */;
			productType = "com.apple.product-type.application";
		};
		2655989B220B7F3200C117CA /* FlixsterTests */ = {
			isa = PBXNativeTarget;
			buildConfigurationList = 265598B3220B7F3200C117CA /* Build configuration list for PBXNativeTarget "FlixsterTests" */;
			buildPhases = (
				CA593CB6A459078F25E9A4FA /* [CP] Check Pods Manifest.lock */,
				26559898220B7F3200C117CA /* Sources */,
				26559899220B7F3200C117CA /* Frameworks */,
				2655989A220B7F3200C117CA /* Resources */,
			);
			buildRules = (
			);
			dependencies = (
				2655989E220B7F3200C117CA /* PBXTargetDependency */,
			);
			name = FlixsterTests;
			productName = FlixsterTests;
			productReference = 2655989C220B7F3200C117CA /* FlixsterTests.xctest */;
			productType = "com.apple.product-type.bundle.unit-test";
		};
		265598A6220B7F3200C117CA /* FlixsterUITests */ = {
			isa = PBXNativeTarget;
			buildConfigurationList = 265598B6220B7F3200C117CA /* Build configuration list for PBXNativeTarget "FlixsterUITests" */;
			buildPhases = (
				29F7E85D1A3421F9D86F10CD /* [CP] Check Pods Manifest.lock */,
				265598A3220B7F3200C117CA /* Sources */,
				265598A4220B7F3200C117CA /* Frameworks */,
				265598A5220B7F3200C117CA /* Resources */,
			);
			buildRules = (
			);
			dependencies = (
				265598A9220B7F3200C117CA /* PBXTargetDependency */,
			);
			name = FlixsterUITests;
			productName = FlixsterUITests;
			productReference = 265598A7220B7F3200C117CA /* FlixsterUITests.xctest */;
			productType = "com.apple.product-type.bundle.ui-testing";
		};
/* End PBXNativeTarget section */

/* Begin PBXProject section */
		26559880220B7F3100C117CA /* Project object */ = {
			isa = PBXProject;
			attributes = {
				LastSwiftUpdateCheck = 1010;
				LastUpgradeCheck = 1010;
				ORGANIZATIONNAME = "Stephanie Santana";
				TargetAttributes = {
					26559887220B7F3100C117CA = {
						CreatedOnToolsVersion = 10.1;
					};
					2655989B220B7F3200C117CA = {
						CreatedOnToolsVersion = 10.1;
						TestTargetID = 26559887220B7F3100C117CA;
					};
					265598A6220B7F3200C117CA = {
						CreatedOnToolsVersion = 10.1;
						TestTargetID = 26559887220B7F3100C117CA;
					};
				};
			};
			buildConfigurationList = 26559883220B7F3100C117CA /* Build configuration list for PBXProject "Flixster" */;
			compatibilityVersion = "Xcode 9.3";
			developmentRegion = en;
			hasScannedForEncodings = 0;
			knownRegions = (
				en,
				Base,
			);
			mainGroup = 2655987F220B7F3100C117CA;
			productRefGroup = 26559889220B7F3100C117CA /* Products */;
			projectDirPath = "";
			projectRoot = "";
			targets = (
				26559887220B7F3100C117CA /* Flixster */,
				2655989B220B7F3200C117CA /* FlixsterTests */,
				265598A6220B7F3200C117CA /* FlixsterUITests */,
			);
		};
/* End PBXProject section */

/* Begin PBXResourcesBuildPhase section */
		26559886220B7F3100C117CA /* Resources */ = {
			isa = PBXResourcesBuildPhase;
			buildActionMask = 2147483647;
			files = (
				26559896220B7F3200C117CA /* LaunchScreen.storyboard in Resources */,
				26559893220B7F3200C117CA /* Assets.xcassets in Resources */,
				26559891220B7F3100C117CA /* Main.storyboard in Resources */,
			);
			runOnlyForDeploymentPostprocessing = 0;
		};
		2655989A220B7F3200C117CA /* Resources */ = {
			isa = PBXResourcesBuildPhase;
			buildActionMask = 2147483647;
			files = (
			);
			runOnlyForDeploymentPostprocessing = 0;
		};
		265598A5220B7F3200C117CA /* Resources */ = {
			isa = PBXResourcesBuildPhase;
			buildActionMask = 2147483647;
			files = (
			);
			runOnlyForDeploymentPostprocessing = 0;
		};
/* End PBXResourcesBuildPhase section */

/* Begin PBXShellScriptBuildPhase section */
		04E8866B9A51C048C9FDC66F /* [CP] Check Pods Manifest.lock */ = {
			isa = PBXShellScriptBuildPhase;
			buildActionMask = 2147483647;
			files = (
			);
			inputFileListPaths = (
			);
			inputPaths = (
				"${PODS_PODFILE_DIR_PATH}/Podfile.lock",
				"${PODS_ROOT}/Manifest.lock",
			);
			name = "[CP] Check Pods Manifest.lock";
			outputFileListPaths = (
			);
			outputPaths = (
				"$(DERIVED_FILE_DIR)/Pods-Flixster-checkManifestLockResult.txt",
			);
			runOnlyForDeploymentPostprocessing = 0;
			shellPath = /bin/sh;
			shellScript = "diff \"${PODS_PODFILE_DIR_PATH}/Podfile.lock\" \"${PODS_ROOT}/Manifest.lock\" > /dev/null\nif [ $? != 0 ] ; then\n    # print error to STDERR\n    echo \"error: The sandbox is not in sync with the Podfile.lock. Run 'pod install' or update your CocoaPods installation.\" >&2\n    exit 1\nfi\n# This output is used by Xcode 'outputs' to avoid re-running this script phase.\necho \"SUCCESS\" > \"${SCRIPT_OUTPUT_FILE_0}\"\n";
			showEnvVarsInLog = 0;
		};
		29F7E85D1A3421F9D86F10CD /* [CP] Check Pods Manifest.lock */ = {
			isa = PBXShellScriptBuildPhase;
			buildActionMask = 2147483647;
			files = (
			);
			inputFileListPaths = (
			);
			inputPaths = (
				"${PODS_PODFILE_DIR_PATH}/Podfile.lock",
				"${PODS_ROOT}/Manifest.lock",
			);
			name = "[CP] Check Pods Manifest.lock";
			outputFileListPaths = (
			);
			outputPaths = (
				"$(DERIVED_FILE_DIR)/Pods-FlixsterUITests-checkManifestLockResult.txt",
			);
			runOnlyForDeploymentPostprocessing = 0;
			shellPath = /bin/sh;
			shellScript = "diff \"${PODS_PODFILE_DIR_PATH}/Podfile.lock\" \"${PODS_ROOT}/Manifest.lock\" > /dev/null\nif [ $? != 0 ] ; then\n    # print error to STDERR\n    echo \"error: The sandbox is not in sync with the Podfile.lock. Run 'pod install' or update your CocoaPods installation.\" >&2\n    exit 1\nfi\n# This output is used by Xcode 'outputs' to avoid re-running this script phase.\necho \"SUCCESS\" > \"${SCRIPT_OUTPUT_FILE_0}\"\n";
			showEnvVarsInLog = 0;
		};
		4A9EF6ADDE82AA78305F3AFD /* [CP] Embed Pods Frameworks */ = {
			isa = PBXShellScriptBuildPhase;
			buildActionMask = 2147483647;
			files = (
			);
			inputFileListPaths = (
			);
			inputPaths = (
				"${SRCROOT}/Pods/Target Support Files/Pods-Flixster/Pods-Flixster-frameworks.sh",
				"${BUILT_PRODUCTS_DIR}/Alamofire/Alamofire.framework",
				"${BUILT_PRODUCTS_DIR}/AlamofireImage/AlamofireImage.framework",
			);
			name = "[CP] Embed Pods Frameworks";
			outputFileListPaths = (
			);
			outputPaths = (
				"${TARGET_BUILD_DIR}/${FRAMEWORKS_FOLDER_PATH}/Alamofire.framework",
				"${TARGET_BUILD_DIR}/${FRAMEWORKS_FOLDER_PATH}/AlamofireImage.framework",
			);
			runOnlyForDeploymentPostprocessing = 0;
			shellPath = /bin/sh;
			shellScript = "\"${SRCROOT}/Pods/Target Support Files/Pods-Flixster/Pods-Flixster-frameworks.sh\"\n";
			showEnvVarsInLog = 0;
		};
		CA593CB6A459078F25E9A4FA /* [CP] Check Pods Manifest.lock */ = {
			isa = PBXShellScriptBuildPhase;
			buildActionMask = 2147483647;
			files = (
			);
			inputFileListPaths = (
			);
			inputPaths = (
				"${PODS_PODFILE_DIR_PATH}/Podfile.lock",
				"${PODS_ROOT}/Manifest.lock",
			);
			name = "[CP] Check Pods Manifest.lock";
			outputFileListPaths = (
			);
			outputPaths = (
				"$(DERIVED_FILE_DIR)/Pods-FlixsterTests-checkManifestLockResult.txt",
			);
			runOnlyForDeploymentPostprocessing = 0;
			shellPath = /bin/sh;
			shellScript = "diff \"${PODS_PODFILE_DIR_PATH}/Podfile.lock\" \"${PODS_ROOT}/Manifest.lock\" > /dev/null\nif [ $? != 0 ] ; then\n    # print error to STDERR\n    echo \"error: The sandbox is not in sync with the Podfile.lock. Run 'pod install' or update your CocoaPods installation.\" >&2\n    exit 1\nfi\n# This output is used by Xcode 'outputs' to avoid re-running this script phase.\necho \"SUCCESS\" > \"${SCRIPT_OUTPUT_FILE_0}\"\n";
			showEnvVarsInLog = 0;
		};
/* End PBXShellScriptBuildPhase section */

/* Begin PBXSourcesBuildPhase section */
		26559884220B7F3100C117CA /* Sources */ = {
			isa = PBXSourcesBuildPhase;
			buildActionMask = 2147483647;
			files = (
				2620C70F221A4FA300A5A44B /* MovieGridViewController.swift in Sources */,
				26DC68FE220BDB3700C73341 /* MovieDetailsViewController.swift in Sources */,
				2655988C220B7F3100C117CA /* AppDelegate.swift in Sources */,
				265598BA220B876300C117CA /* MoviesViewController.swift in Sources */,
				265598BC220B938900C117CA /* MovieCell.swift in Sources */,
				2620C713221A53E900A5A44B /* MovieGridCell.swift in Sources */,
			);
			runOnlyForDeploymentPostprocessing = 0;
		};
		26559898220B7F3200C117CA /* Sources */ = {
			isa = PBXSourcesBuildPhase;
			buildActionMask = 2147483647;
			files = (
				265598A1220B7F3200C117CA /* FlixsterTests.swift in Sources */,
			);
			runOnlyForDeploymentPostprocessing = 0;
		};
		265598A3220B7F3200C117CA /* Sources */ = {
			isa = PBXSourcesBuildPhase;
			buildActionMask = 2147483647;
			files = (
				265598AC220B7F3200C117CA /* FlixsterUITests.swift in Sources */,
			);
			runOnlyForDeploymentPostprocessing = 0;
		};
/* End PBXSourcesBuildPhase section */

/* Begin PBXTargetDependency section */
		2655989E220B7F3200C117CA /* PBXTargetDependency */ = {
			isa = PBXTargetDependency;
			target = 26559887220B7F3100C117CA /* Flixster */;
			targetProxy = 2655989D220B7F3200C117CA /* PBXContainerItemProxy */;
		};
		265598A9220B7F3200C117CA /* PBXTargetDependency */ = {
			isa = PBXTargetDependency;
			target = 26559887220B7F3100C117CA /* Flixster */;
			targetProxy = 265598A8220B7F3200C117CA /* PBXContainerItemProxy */;
		};
/* End PBXTargetDependency section */

/* Begin PBXVariantGroup section */
		2655988F220B7F3100C117CA /* Main.storyboard */ = {
			isa = PBXVariantGroup;
			children = (
				26559890220B7F3100C117CA /* Base */,
			);
			name = Main.storyboard;
			sourceTree = "<group>";
		};
		26559894220B7F3200C117CA /* LaunchScreen.storyboard */ = {
			isa = PBXVariantGroup;
			children = (
				26559895220B7F3200C117CA /* Base */,
			);
			name = LaunchScreen.storyboard;
			sourceTree = "<group>";
		};
/* End PBXVariantGroup section */

/* Begin XCBuildConfiguration section */
		265598AE220B7F3200C117CA /* Debug */ = {
			isa = XCBuildConfiguration;
			buildSettings = {
				ALWAYS_SEARCH_USER_PATHS = NO;
				CLANG_ANALYZER_NONNULL = YES;
				CLANG_ANALYZER_NUMBER_OBJECT_CONVERSION = YES_AGGRESSIVE;
				CLANG_CXX_LANGUAGE_STANDARD = "gnu++14";
				CLANG_CXX_LIBRARY = "libc++";
				CLANG_ENABLE_MODULES = YES;
				CLANG_ENABLE_OBJC_ARC = YES;
				CLANG_ENABLE_OBJC_WEAK = YES;
				CLANG_WARN_BLOCK_CAPTURE_AUTORELEASING = YES;
				CLANG_WARN_BOOL_CONVERSION = YES;
				CLANG_WARN_COMMA = YES;
				CLANG_WARN_CONSTANT_CONVERSION = YES;
				CLANG_WARN_DEPRECATED_OBJC_IMPLEMENTATIONS = YES;
				CLANG_WARN_DIRECT_OBJC_ISA_USAGE = YES_ERROR;
				CLANG_WARN_DOCUMENTATION_COMMENTS = YES;
				CLANG_WARN_EMPTY_BODY = YES;
				CLANG_WARN_ENUM_CONVERSION = YES;
				CLANG_WARN_INFINITE_RECURSION = YES;
				CLANG_WARN_INT_CONVERSION = YES;
				CLANG_WARN_NON_LITERAL_NULL_CONVERSION = YES;
				CLANG_WARN_OBJC_IMPLICIT_RETAIN_SELF = YES;
				CLANG_WARN_OBJC_LITERAL_CONVERSION = YES;
				CLANG_WARN_OBJC_ROOT_CLASS = YES_ERROR;
				CLANG_WARN_RANGE_LOOP_ANALYSIS = YES;
				CLANG_WARN_STRICT_PROTOTYPES = YES;
				CLANG_WARN_SUSPICIOUS_MOVE = YES;
				CLANG_WARN_UNGUARDED_AVAILABILITY = YES_AGGRESSIVE;
				CLANG_WARN_UNREACHABLE_CODE = YES;
				CLANG_WARN__DUPLICATE_METHOD_MATCH = YES;
				CODE_SIGN_IDENTITY = "iPhone Developer";
				COPY_PHASE_STRIP = NO;
				DEBUG_INFORMATION_FORMAT = dwarf;
				ENABLE_STRICT_OBJC_MSGSEND = YES;
				ENABLE_TESTABILITY = YES;
				GCC_C_LANGUAGE_STANDARD = gnu11;
				GCC_DYNAMIC_NO_PIC = NO;
				GCC_NO_COMMON_BLOCKS = YES;
				GCC_OPTIMIZATION_LEVEL = 0;
				GCC_PREPROCESSOR_DEFINITIONS = (
					"DEBUG=1",
					"$(inherited)",
				);
				GCC_WARN_64_TO_32_BIT_CONVERSION = YES;
				GCC_WARN_ABOUT_RETURN_TYPE = YES_ERROR;
				GCC_WARN_UNDECLARED_SELECTOR = YES;
				GCC_WARN_UNINITIALIZED_AUTOS = YES_AGGRESSIVE;
				GCC_WARN_UNUSED_FUNCTION = YES;
				GCC_WARN_UNUSED_VARIABLE = YES;
				IPHONEOS_DEPLOYMENT_TARGET = 12.1;
				MTL_ENABLE_DEBUG_INFO = INCLUDE_SOURCE;
				MTL_FAST_MATH = YES;
				ONLY_ACTIVE_ARCH = YES;
				SDKROOT = iphoneos;
				SWIFT_ACTIVE_COMPILATION_CONDITIONS = DEBUG;
				SWIFT_OPTIMIZATION_LEVEL = "-Onone";
			};
			name = Debug;
		};
		265598AF220B7F3200C117CA /* Release */ = {
			isa = XCBuildConfiguration;
			buildSettings = {
				ALWAYS_SEARCH_USER_PATHS = NO;
				CLANG_ANALYZER_NONNULL = YES;
				CLANG_ANALYZER_NUMBER_OBJECT_CONVERSION = YES_AGGRESSIVE;
				CLANG_CXX_LANGUAGE_STANDARD = "gnu++14";
				CLANG_CXX_LIBRARY = "libc++";
				CLANG_ENABLE_MODULES = YES;
				CLANG_ENABLE_OBJC_ARC = YES;
				CLANG_ENABLE_OBJC_WEAK = YES;
				CLANG_WARN_BLOCK_CAPTURE_AUTORELEASING = YES;
				CLANG_WARN_BOOL_CONVERSION = YES;
				CLANG_WARN_COMMA = YES;
				CLANG_WARN_CONSTANT_CONVERSION = YES;
				CLANG_WARN_DEPRECATED_OBJC_IMPLEMENTATIONS = YES;
				CLANG_WARN_DIRECT_OBJC_ISA_USAGE = YES_ERROR;
				CLANG_WARN_DOCUMENTATION_COMMENTS = YES;
				CLANG_WARN_EMPTY_BODY = YES;
				CLANG_WARN_ENUM_CONVERSION = YES;
				CLANG_WARN_INFINITE_RECURSION = YES;
				CLANG_WARN_INT_CONVERSION = YES;
				CLANG_WARN_NON_LITERAL_NULL_CONVERSION = YES;
				CLANG_WARN_OBJC_IMPLICIT_RETAIN_SELF = YES;
				CLANG_WARN_OBJC_LITERAL_CONVERSION = YES;
				CLANG_WARN_OBJC_ROOT_CLASS = YES_ERROR;
				CLANG_WARN_RANGE_LOOP_ANALYSIS = YES;
				CLANG_WARN_STRICT_PROTOTYPES = YES;
				CLANG_WARN_SUSPICIOUS_MOVE = YES;
				CLANG_WARN_UNGUARDED_AVAILABILITY = YES_AGGRESSIVE;
				CLANG_WARN_UNREACHABLE_CODE = YES;
				CLANG_WARN__DUPLICATE_METHOD_MATCH = YES;
				CODE_SIGN_IDENTITY = "iPhone Developer";
				COPY_PHASE_STRIP = NO;
				DEBUG_INFORMATION_FORMAT = "dwarf-with-dsym";
				ENABLE_NS_ASSERTIONS = NO;
				ENABLE_STRICT_OBJC_MSGSEND = YES;
				GCC_C_LANGUAGE_STANDARD = gnu11;
				GCC_NO_COMMON_BLOCKS = YES;
				GCC_WARN_64_TO_32_BIT_CONVERSION = YES;
				GCC_WARN_ABOUT_RETURN_TYPE = YES_ERROR;
				GCC_WARN_UNDECLARED_SELECTOR = YES;
				GCC_WARN_UNINITIALIZED_AUTOS = YES_AGGRESSIVE;
				GCC_WARN_UNUSED_FUNCTION = YES;
				GCC_WARN_UNUSED_VARIABLE = YES;
				IPHONEOS_DEPLOYMENT_TARGET = 12.1;
				MTL_ENABLE_DEBUG_INFO = NO;
				MTL_FAST_MATH = YES;
				SDKROOT = iphoneos;
				SWIFT_COMPILATION_MODE = wholemodule;
				SWIFT_OPTIMIZATION_LEVEL = "-O";
				VALIDATE_PRODUCT = YES;
			};
			name = Release;
		};
		265598B1220B7F3200C117CA /* Debug */ = {
			isa = XCBuildConfiguration;
			baseConfigurationReference = 59D33E8AE2694479C2E64DAB /* Pods-Flixster.debug.xcconfig */;
			buildSettings = {
				ASSETCATALOG_COMPILER_APPICON_NAME = AppIcon;
				CODE_SIGN_STYLE = Automatic;
				DEVELOPMENT_TEAM = QU5BW6TJ3J;
				INFOPLIST_FILE = Flixster/Info.plist;
				LD_RUNPATH_SEARCH_PATHS = (
					"$(inherited)",
					"@executable_path/Frameworks",
				);
				PRODUCT_BUNDLE_IDENTIFIER = com.ssantana.Flixster;
				PRODUCT_NAME = "$(TARGET_NAME)";
				SWIFT_VERSION = 4.2;
				TARGETED_DEVICE_FAMILY = "1,2";
			};
			name = Debug;
		};
		265598B2220B7F3200C117CA /* Release */ = {
			isa = XCBuildConfiguration;
			baseConfigurationReference = 7A6678EC55225604A5EAFFFF /* Pods-Flixster.release.xcconfig */;
			buildSettings = {
				ASSETCATALOG_COMPILER_APPICON_NAME = AppIcon;
				CODE_SIGN_STYLE = Automatic;
				DEVELOPMENT_TEAM = QU5BW6TJ3J;
				INFOPLIST_FILE = Flixster/Info.plist;
				LD_RUNPATH_SEARCH_PATHS = (
					"$(inherited)",
					"@executable_path/Frameworks",
				);
				PRODUCT_BUNDLE_IDENTIFIER = com.ssantana.Flixster;
				PRODUCT_NAME = "$(TARGET_NAME)";
				SWIFT_VERSION = 4.2;
				TARGETED_DEVICE_FAMILY = "1,2";
			};
			name = Release;
		};
		265598B4220B7F3200C117CA /* Debug */ = {
			isa = XCBuildConfiguration;
			baseConfigurationReference = F79DC15B609B90BBBD39907C /* Pods-FlixsterTests.debug.xcconfig */;
			buildSettings = {
				ALWAYS_EMBED_SWIFT_STANDARD_LIBRARIES = YES;
				BUNDLE_LOADER = "$(TEST_HOST)";
				CODE_SIGN_STYLE = Automatic;
				DEVELOPMENT_TEAM = QU5BW6TJ3J;
				INFOPLIST_FILE = FlixsterTests/Info.plist;
				LD_RUNPATH_SEARCH_PATHS = (
					"$(inherited)",
					"@executable_path/Frameworks",
					"@loader_path/Frameworks",
				);
				PRODUCT_BUNDLE_IDENTIFIER = com.ssantana.FlixsterTests;
				PRODUCT_NAME = "$(TARGET_NAME)";
				SWIFT_VERSION = 4.2;
				TARGETED_DEVICE_FAMILY = "1,2";
				TEST_HOST = "$(BUILT_PRODUCTS_DIR)/Flixster.app/Flixster";
			};
			name = Debug;
		};
		265598B5220B7F3200C117CA /* Release */ = {
			isa = XCBuildConfiguration;
			baseConfigurationReference = 1FAE66346E2B43EFD0AC321C /* Pods-FlixsterTests.release.xcconfig */;
			buildSettings = {
				ALWAYS_EMBED_SWIFT_STANDARD_LIBRARIES = YES;
				BUNDLE_LOADER = "$(TEST_HOST)";
				CODE_SIGN_STYLE = Automatic;
				DEVELOPMENT_TEAM = QU5BW6TJ3J;
				INFOPLIST_FILE = FlixsterTests/Info.plist;
				LD_RUNPATH_SEARCH_PATHS = (
					"$(inherited)",
					"@executable_path/Frameworks",
					"@loader_path/Frameworks",
				);
				PRODUCT_BUNDLE_IDENTIFIER = com.ssantana.FlixsterTests;
				PRODUCT_NAME = "$(TARGET_NAME)";
				SWIFT_VERSION = 4.2;
				TARGETED_DEVICE_FAMILY = "1,2";
				TEST_HOST = "$(BUILT_PRODUCTS_DIR)/Flixster.app/Flixster";
			};
			name = Release;
		};
		265598B7220B7F3200C117CA /* Debug */ = {
			isa = XCBuildConfiguration;
			baseConfigurationReference = 46222BCDB8D04036EE0202F2 /* Pods-FlixsterUITests.debug.xcconfig */;
			buildSettings = {
				ALWAYS_EMBED_SWIFT_STANDARD_LIBRARIES = YES;
				CODE_SIGN_STYLE = Automatic;
				DEVELOPMENT_TEAM = QU5BW6TJ3J;
				INFOPLIST_FILE = FlixsterUITests/Info.plist;
				LD_RUNPATH_SEARCH_PATHS = (
					"$(inherited)",
					"@executable_path/Frameworks",
					"@loader_path/Frameworks",
				);
				PRODUCT_BUNDLE_IDENTIFIER = com.ssantana.FlixsterUITests;
				PRODUCT_NAME = "$(TARGET_NAME)";
				SWIFT_VERSION = 4.2;
				TARGETED_DEVICE_FAMILY = "1,2";
				TEST_TARGET_NAME = Flixster;
			};
			name = Debug;
		};
		265598B8220B7F3200C117CA /* Release */ = {
			isa = XCBuildConfiguration;
			baseConfigurationReference = D550044A1E26B4A54841B44B /* Pods-FlixsterUITests.release.xcconfig */;
			buildSettings = {
				ALWAYS_EMBED_SWIFT_STANDARD_LIBRARIES = YES;
				CODE_SIGN_STYLE = Automatic;
				DEVELOPMENT_TEAM = QU5BW6TJ3J;
				INFOPLIST_FILE = FlixsterUITests/Info.plist;
				LD_RUNPATH_SEARCH_PATHS = (
					"$(inherited)",
					"@executable_path/Frameworks",
					"@loader_path/Frameworks",
				);
				PRODUCT_BUNDLE_IDENTIFIER = com.ssantana.FlixsterUITests;
				PRODUCT_NAME = "$(TARGET_NAME)";
				SWIFT_VERSION = 4.2;
				TARGETED_DEVICE_FAMILY = "1,2";
				TEST_TARGET_NAME = Flixster;
			};
			name = Release;
		};
/* End XCBuildConfiguration section */

/* Begin XCConfigurationList section */
		26559883220B7F3100C117CA /* Build configuration list for PBXProject "Flixster" */ = {
			isa = XCConfigurationList;
			buildConfigurations = (
				265598AE220B7F3200C117CA /* Debug */,
				265598AF220B7F3200C117CA /* Release */,
			);
			defaultConfigurationIsVisible = 0;
			defaultConfigurationName = Release;
		};
		265598B0220B7F3200C117CA /* Build configuration list for PBXNativeTarget "Flixster" */ = {
			isa = XCConfigurationList;
			buildConfigurations = (
				265598B1220B7F3200C117CA /* Debug */,
				265598B2220B7F3200C117CA /* Release */,
			);
			defaultConfigurationIsVisible = 0;
			defaultConfigurationName = Release;
		};
		265598B3220B7F3200C117CA /* Build configuration list for PBXNativeTarget "FlixsterTests" */ = {
			isa = XCConfigurationList;
			buildConfigurations = (
				265598B4220B7F3200C117CA /* Debug */,
				265598B5220B7F3200C117CA /* Release */,
			);
			defaultConfigurationIsVisible = 0;
			defaultConfigurationName = Release;
		};
		265598B6220B7F3200C117CA /* Build configuration list for PBXNativeTarget "FlixsterUITests" */ = {
			isa = XCConfigurationList;
			buildConfigurations = (
				265598B7220B7F3200C117CA /* Debug */,
				265598B8220B7F3200C117CA /* Release */,
			);
			defaultConfigurationIsVisible = 0;
			defaultConfigurationName = Release;
		};
/* End XCConfigurationList section */
	};
	rootObject = 26559880220B7F3100C117CA /* Project object */;
}
